
Microsoft Visual Studio Solution File, Format Version 12.00
# Visual Studio Version 16
VisualStudioVersion = 16.0.29503.13
MinimumVisualStudioVersion = 10.0.40219.1
Project("{8BC9CEB8-8B4A-11D0-8D11-00A0C91BC942}") = "PsfRuntime", "PsfRuntime\PsfRuntime.vcxproj", "{87CCE0AC-A7FB-4A31-89D3-C0ACDB315EE0}"
EndProject
Project("{8BC9CEB8-8B4A-11D0-8D11-00A0C91BC942}") = "Detours", "Detours\Detours.vcxproj", "{79DB420C-0C71-4948-A93C-821761A8105B}"
EndProject
Project("{8BC9CEB8-8B4A-11D0-8D11-00A0C91BC942}") = "PsfLauncher", "PsfLauncher\PsfLauncher.vcxproj", "{29EE27EF-A3A3-4B8F-8DA2-532A5C04BD9E}"
EndProject
Project("{2150E333-8FDC-42A3-9474-1A3956D46DE8}") = "Tests and Examples", "Tests and Examples", "{553A551E-8390-4C09-9ABA-54DB9A773BFB}"
EndProject
Project("{2150E333-8FDC-42A3-9474-1A3956D46DE8}") = "Framework", "Framework", "{5785A7B6-A9A7-4623-B5A2-62F660695A71}"
EndProject
Project("{8BC9CEB8-8B4A-11D0-8D11-00A0C91BC942}") = "PsfRunDll", "PsfRunDll\PsfRunDll.vcxproj", "{2896A610-9654-43BE-8493-B74D1BC44FD9}"
EndProject
Project("{8BC9CEB8-8B4A-11D0-8D11-00A0C91BC942}") = "CompositionTestFixup", "tests\fixups\CompositionTestFixup\CompositionTestFixup.vcxproj", "{D823682D-A4F6-4F4E-A2BB-D1E28BCC06F5}"
EndProject
Project("{8BC9CEB8-8B4A-11D0-8D11-00A0C91BC942}") = "TraceFixup", "tests\fixups\TraceFixup\TraceFixup.vcxproj", "{42E2CC9E-D708-4C4B-A91B-00B23F893C4C}"
EndProject
Project("{8BC9CEB8-8B4A-11D0-8D11-00A0C91BC942}") = "WaitForDebuggerFixup", "tests\fixups\WaitForDebuggerFixup\WaitForDebuggerFixup.vcxproj", "{76053BA2-AB6B-4F27-90E1-EE5BFE2EFA70}"
EndProject
Project("{2150E333-8FDC-42A3-9474-1A3956D46DE8}") = "Fixups", "Fixups", "{1B9D61ED-0B97-469C-A12D-079526888BF8}"
EndProject
Project("{8BC9CEB8-8B4A-11D0-8D11-00A0C91BC942}") = "MultiByteToWideCharTestFixup", "tests\fixups\MultiByteToWideCharTestFixup\MultiByteToWideCharTestFixup.vcxproj", "{0C1F7A43-65DE-4460-A9EB-F44F40AF0968}"
EndProject
Project("{8BC9CEB8-8B4A-11D0-8D11-00A0C91BC942}") = "FileRedirectionFixup", "fixups\FileRedirectionFixup\FileRedirectionFixup.vcxproj", "{A3653AD0-2406-48A4-95CD-7D4264257F9F}"
EndProject
Project("{FAE04EC0-301F-11D3-BF4B-00C04F79EFBC}") = "PsfShimMonitor", "PsfShimMonitor\PsfShimMonitor.csproj", "{BC76E43C-2E55-4BFD-95DF-DA09884F6DC4}"
EndProject
Project("{2150E333-8FDC-42A3-9474-1A3956D46DE8}") = "Solution Items", "Solution Items", "{FEAB7FE0-E02D-4276-AEF8-BF6E8F48B55D}"
	ProjectSection(SolutionItems) = preProject
		MetadataSchema.xsd = MetadataSchema.xsd
		README.md = README.md
	EndProjectSection
EndProject
Project("{8BC9CEB8-8B4A-11D0-8D11-00A0C91BC942}") = "DynamicLibraryFixup", "fixups\DynamicLibraryFixup\DynamicLibraryFixup.vcxproj", "{40F9058D-8059-4ED4-859E-7A548A73CA4F}"
EndProject
Project("{8BC9CEB8-8B4A-11D0-8D11-00A0C91BC942}") = "RegLegacyFixups", "fixups\RegLegacyFixups\RegLegacyFixups.vcxproj", "{1D26CBD7-B670-4F8E-BBD8-4771B76C9215}"
EndProject
Project("{8BC9CEB8-8B4A-11D0-8D11-00A0C91BC942}") = "EnvVarFixup", "fixups\EnvVarFixup\EnvVarFixup.vcxproj", "{AA616ED2-6783-40AE-9197-B257E8B17690}"
EndProject
Global
	GlobalSection(SolutionConfigurationPlatforms) = preSolution
		Debug|Any CPU = Debug|Any CPU
		Debug|x64 = Debug|x64
		Debug|x86 = Debug|x86
		Release|Any CPU = Release|Any CPU
		Release|x64 = Release|x64
		Release|x86 = Release|x86
	EndGlobalSection
	GlobalSection(ProjectConfigurationPlatforms) = postSolution
		{87CCE0AC-A7FB-4A31-89D3-C0ACDB315EE0}.Debug|Any CPU.ActiveCfg = Debug|Win32
		{87CCE0AC-A7FB-4A31-89D3-C0ACDB315EE0}.Debug|x64.ActiveCfg = Debug|x64
		{87CCE0AC-A7FB-4A31-89D3-C0ACDB315EE0}.Debug|x64.Build.0 = Debug|x64
		{87CCE0AC-A7FB-4A31-89D3-C0ACDB315EE0}.Debug|x86.ActiveCfg = Debug|Win32
		{87CCE0AC-A7FB-4A31-89D3-C0ACDB315EE0}.Debug|x86.Build.0 = Debug|Win32
		{87CCE0AC-A7FB-4A31-89D3-C0ACDB315EE0}.Release|Any CPU.ActiveCfg = Release|Win32
		{87CCE0AC-A7FB-4A31-89D3-C0ACDB315EE0}.Release|x64.ActiveCfg = Release|x64
		{87CCE0AC-A7FB-4A31-89D3-C0ACDB315EE0}.Release|x64.Build.0 = Release|x64
		{87CCE0AC-A7FB-4A31-89D3-C0ACDB315EE0}.Release|x86.ActiveCfg = Release|Win32
		{87CCE0AC-A7FB-4A31-89D3-C0ACDB315EE0}.Release|x86.Build.0 = Release|Win32
		{79DB420C-0C71-4948-A93C-821761A8105B}.Debug|Any CPU.ActiveCfg = Debug|Win32
		{79DB420C-0C71-4948-A93C-821761A8105B}.Debug|x64.ActiveCfg = Debug|x64
		{79DB420C-0C71-4948-A93C-821761A8105B}.Debug|x64.Build.0 = Debug|x64
		{79DB420C-0C71-4948-A93C-821761A8105B}.Debug|x86.ActiveCfg = Debug|Win32
		{79DB420C-0C71-4948-A93C-821761A8105B}.Debug|x86.Build.0 = Debug|Win32
		{79DB420C-0C71-4948-A93C-821761A8105B}.Release|Any CPU.ActiveCfg = Release|Win32
		{79DB420C-0C71-4948-A93C-821761A8105B}.Release|x64.ActiveCfg = Release|x64
		{79DB420C-0C71-4948-A93C-821761A8105B}.Release|x64.Build.0 = Release|x64
		{79DB420C-0C71-4948-A93C-821761A8105B}.Release|x86.ActiveCfg = Release|Win32
		{79DB420C-0C71-4948-A93C-821761A8105B}.Release|x86.Build.0 = Release|Win32
		{29EE27EF-A3A3-4B8F-8DA2-532A5C04BD9E}.Debug|Any CPU.ActiveCfg = Debug|Win32
		{29EE27EF-A3A3-4B8F-8DA2-532A5C04BD9E}.Debug|x64.ActiveCfg = Debug|x64
		{29EE27EF-A3A3-4B8F-8DA2-532A5C04BD9E}.Debug|x64.Build.0 = Debug|x64
		{29EE27EF-A3A3-4B8F-8DA2-532A5C04BD9E}.Debug|x86.ActiveCfg = Debug|Win32
		{29EE27EF-A3A3-4B8F-8DA2-532A5C04BD9E}.Debug|x86.Build.0 = Debug|Win32
		{29EE27EF-A3A3-4B8F-8DA2-532A5C04BD9E}.Release|Any CPU.ActiveCfg = Release|Win32
		{29EE27EF-A3A3-4B8F-8DA2-532A5C04BD9E}.Release|x64.ActiveCfg = Release|x64
		{29EE27EF-A3A3-4B8F-8DA2-532A5C04BD9E}.Release|x64.Build.0 = Release|x64
		{29EE27EF-A3A3-4B8F-8DA2-532A5C04BD9E}.Release|x86.ActiveCfg = Release|Win32
		{29EE27EF-A3A3-4B8F-8DA2-532A5C04BD9E}.Release|x86.Build.0 = Release|Win32
		{2896A610-9654-43BE-8493-B74D1BC44FD9}.Debug|Any CPU.ActiveCfg = Debug|Win32
		{2896A610-9654-43BE-8493-B74D1BC44FD9}.Debug|x64.ActiveCfg = Debug|x64
		{2896A610-9654-43BE-8493-B74D1BC44FD9}.Debug|x64.Build.0 = Debug|x64
		{2896A610-9654-43BE-8493-B74D1BC44FD9}.Debug|x86.ActiveCfg = Debug|Win32
		{2896A610-9654-43BE-8493-B74D1BC44FD9}.Debug|x86.Build.0 = Debug|Win32
		{2896A610-9654-43BE-8493-B74D1BC44FD9}.Release|Any CPU.ActiveCfg = Release|Win32
		{2896A610-9654-43BE-8493-B74D1BC44FD9}.Release|x64.ActiveCfg = Release|x64
		{2896A610-9654-43BE-8493-B74D1BC44FD9}.Release|x64.Build.0 = Release|x64
		{2896A610-9654-43BE-8493-B74D1BC44FD9}.Release|x86.ActiveCfg = Release|Win32
		{2896A610-9654-43BE-8493-B74D1BC44FD9}.Release|x86.Build.0 = Release|Win32
		{D823682D-A4F6-4F4E-A2BB-D1E28BCC06F5}.Debug|Any CPU.ActiveCfg = Debug|Win32
		{D823682D-A4F6-4F4E-A2BB-D1E28BCC06F5}.Debug|x64.ActiveCfg = Debug|x64
		{D823682D-A4F6-4F4E-A2BB-D1E28BCC06F5}.Debug|x64.Build.0 = Debug|x64
		{D823682D-A4F6-4F4E-A2BB-D1E28BCC06F5}.Debug|x86.ActiveCfg = Debug|Win32
		{D823682D-A4F6-4F4E-A2BB-D1E28BCC06F5}.Debug|x86.Build.0 = Debug|Win32
		{D823682D-A4F6-4F4E-A2BB-D1E28BCC06F5}.Release|Any CPU.ActiveCfg = Release|Win32
		{D823682D-A4F6-4F4E-A2BB-D1E28BCC06F5}.Release|x64.ActiveCfg = Release|x64
		{D823682D-A4F6-4F4E-A2BB-D1E28BCC06F5}.Release|x64.Build.0 = Release|x64
		{D823682D-A4F6-4F4E-A2BB-D1E28BCC06F5}.Release|x86.ActiveCfg = Release|Win32
		{D823682D-A4F6-4F4E-A2BB-D1E28BCC06F5}.Release|x86.Build.0 = Release|Win32
		{42E2CC9E-D708-4C4B-A91B-00B23F893C4C}.Debug|Any CPU.ActiveCfg = Debug|Win32
		{42E2CC9E-D708-4C4B-A91B-00B23F893C4C}.Debug|x64.ActiveCfg = Debug|x64
		{42E2CC9E-D708-4C4B-A91B-00B23F893C4C}.Debug|x64.Build.0 = Debug|x64
		{42E2CC9E-D708-4C4B-A91B-00B23F893C4C}.Debug|x86.ActiveCfg = Debug|Win32
		{42E2CC9E-D708-4C4B-A91B-00B23F893C4C}.Debug|x86.Build.0 = Debug|Win32
		{42E2CC9E-D708-4C4B-A91B-00B23F893C4C}.Release|Any CPU.ActiveCfg = Release|Win32
		{42E2CC9E-D708-4C4B-A91B-00B23F893C4C}.Release|x64.ActiveCfg = Release|x64
		{42E2CC9E-D708-4C4B-A91B-00B23F893C4C}.Release|x64.Build.0 = Release|x64
		{42E2CC9E-D708-4C4B-A91B-00B23F893C4C}.Release|x86.ActiveCfg = Release|Win32
		{42E2CC9E-D708-4C4B-A91B-00B23F893C4C}.Release|x86.Build.0 = Release|Win32
		{76053BA2-AB6B-4F27-90E1-EE5BFE2EFA70}.Debug|Any CPU.ActiveCfg = Debug|Win32
		{76053BA2-AB6B-4F27-90E1-EE5BFE2EFA70}.Debug|x64.ActiveCfg = Debug|x64
		{76053BA2-AB6B-4F27-90E1-EE5BFE2EFA70}.Debug|x64.Build.0 = Debug|x64
		{76053BA2-AB6B-4F27-90E1-EE5BFE2EFA70}.Debug|x86.ActiveCfg = Debug|Win32
		{76053BA2-AB6B-4F27-90E1-EE5BFE2EFA70}.Debug|x86.Build.0 = Debug|Win32
		{76053BA2-AB6B-4F27-90E1-EE5BFE2EFA70}.Release|Any CPU.ActiveCfg = Release|Win32
		{76053BA2-AB6B-4F27-90E1-EE5BFE2EFA70}.Release|x64.ActiveCfg = Release|x64
		{76053BA2-AB6B-4F27-90E1-EE5BFE2EFA70}.Release|x64.Build.0 = Release|x64
		{76053BA2-AB6B-4F27-90E1-EE5BFE2EFA70}.Release|x86.ActiveCfg = Release|Win32
		{76053BA2-AB6B-4F27-90E1-EE5BFE2EFA70}.Release|x86.Build.0 = Release|Win32
		{0C1F7A43-65DE-4460-A9EB-F44F40AF0968}.Debug|Any CPU.ActiveCfg = Debug|Win32
		{0C1F7A43-65DE-4460-A9EB-F44F40AF0968}.Debug|x64.ActiveCfg = Debug|x64
		{0C1F7A43-65DE-4460-A9EB-F44F40AF0968}.Debug|x64.Build.0 = Debug|x64
		{0C1F7A43-65DE-4460-A9EB-F44F40AF0968}.Debug|x86.ActiveCfg = Debug|Win32
		{0C1F7A43-65DE-4460-A9EB-F44F40AF0968}.Debug|x86.Build.0 = Debug|Win32
		{0C1F7A43-65DE-4460-A9EB-F44F40AF0968}.Release|Any CPU.ActiveCfg = Release|Win32
		{0C1F7A43-65DE-4460-A9EB-F44F40AF0968}.Release|x64.ActiveCfg = Release|x64
		{0C1F7A43-65DE-4460-A9EB-F44F40AF0968}.Release|x64.Build.0 = Release|x64
		{0C1F7A43-65DE-4460-A9EB-F44F40AF0968}.Release|x86.ActiveCfg = Release|Win32
		{0C1F7A43-65DE-4460-A9EB-F44F40AF0968}.Release|x86.Build.0 = Release|Win32
		{A3653AD0-2406-48A4-95CD-7D4264257F9F}.Debug|Any CPU.ActiveCfg = Debug|Win32
		{A3653AD0-2406-48A4-95CD-7D4264257F9F}.Debug|x64.ActiveCfg = Debug|x64
		{A3653AD0-2406-48A4-95CD-7D4264257F9F}.Debug|x64.Build.0 = Debug|x64
		{A3653AD0-2406-48A4-95CD-7D4264257F9F}.Debug|x86.ActiveCfg = Debug|Win32
		{A3653AD0-2406-48A4-95CD-7D4264257F9F}.Debug|x86.Build.0 = Debug|Win32
		{A3653AD0-2406-48A4-95CD-7D4264257F9F}.Release|Any CPU.ActiveCfg = Release|Win32
		{A3653AD0-2406-48A4-95CD-7D4264257F9F}.Release|x64.ActiveCfg = Release|x64
		{A3653AD0-2406-48A4-95CD-7D4264257F9F}.Release|x64.Build.0 = Release|x64
		{A3653AD0-2406-48A4-95CD-7D4264257F9F}.Release|x86.ActiveCfg = Release|Win32
		{A3653AD0-2406-48A4-95CD-7D4264257F9F}.Release|x86.Build.0 = Release|Win32
		{BC76E43C-2E55-4BFD-95DF-DA09884F6DC4}.Debug|Any CPU.ActiveCfg = Debug|x86
		{BC76E43C-2E55-4BFD-95DF-DA09884F6DC4}.Debug|x64.ActiveCfg = Debug|x64
		{BC76E43C-2E55-4BFD-95DF-DA09884F6DC4}.Debug|x64.Build.0 = Debug|x64
		{BC76E43C-2E55-4BFD-95DF-DA09884F6DC4}.Debug|x86.ActiveCfg = Debug|x86
		{BC76E43C-2E55-4BFD-95DF-DA09884F6DC4}.Debug|x86.Build.0 = Debug|x86
		{BC76E43C-2E55-4BFD-95DF-DA09884F6DC4}.Release|Any CPU.ActiveCfg = Release|x86
		{BC76E43C-2E55-4BFD-95DF-DA09884F6DC4}.Release|x64.ActiveCfg = Release|x64
		{BC76E43C-2E55-4BFD-95DF-DA09884F6DC4}.Release|x64.Build.0 = Release|x64
		{BC76E43C-2E55-4BFD-95DF-DA09884F6DC4}.Release|x86.ActiveCfg = Release|x86
		{BC76E43C-2E55-4BFD-95DF-DA09884F6DC4}.Release|x86.Build.0 = Release|x86
		{40F9058D-8059-4ED4-859E-7A548A73CA4F}.Debug|Any CPU.ActiveCfg = Debug|Win32
		{40F9058D-8059-4ED4-859E-7A548A73CA4F}.Debug|x64.ActiveCfg = Debug|x64
		{40F9058D-8059-4ED4-859E-7A548A73CA4F}.Debug|x64.Build.0 = Debug|x64
		{40F9058D-8059-4ED4-859E-7A548A73CA4F}.Debug|x86.ActiveCfg = Debug|Win32
		{40F9058D-8059-4ED4-859E-7A548A73CA4F}.Debug|x86.Build.0 = Debug|Win32
		{40F9058D-8059-4ED4-859E-7A548A73CA4F}.Release|Any CPU.ActiveCfg = Release|Win32
		{40F9058D-8059-4ED4-859E-7A548A73CA4F}.Release|x64.ActiveCfg = Release|x64
		{40F9058D-8059-4ED4-859E-7A548A73CA4F}.Release|x64.Build.0 = Release|x64
		{40F9058D-8059-4ED4-859E-7A548A73CA4F}.Release|x86.ActiveCfg = Release|Win32
		{40F9058D-8059-4ED4-859E-7A548A73CA4F}.Release|x86.Build.0 = Release|Win32
		{1D26CBD7-B670-4F8E-BBD8-4771B76C9215}.Debug|Any CPU.ActiveCfg = Debug|Win32
		{1D26CBD7-B670-4F8E-BBD8-4771B76C9215}.Debug|x64.ActiveCfg = Debug|x64
		{1D26CBD7-B670-4F8E-BBD8-4771B76C9215}.Debug|x64.Build.0 = Debug|x64
		{1D26CBD7-B670-4F8E-BBD8-4771B76C9215}.Debug|x86.ActiveCfg = Debug|Win32
		{1D26CBD7-B670-4F8E-BBD8-4771B76C9215}.Debug|x86.Build.0 = Debug|Win32
		{1D26CBD7-B670-4F8E-BBD8-4771B76C9215}.Release|Any CPU.ActiveCfg = Release|Win32
		{1D26CBD7-B670-4F8E-BBD8-4771B76C9215}.Release|x64.ActiveCfg = Release|x64
		{1D26CBD7-B670-4F8E-BBD8-4771B76C9215}.Release|x64.Build.0 = Release|x64
		{1D26CBD7-B670-4F8E-BBD8-4771B76C9215}.Release|x86.ActiveCfg = Release|Win32
		{1D26CBD7-B670-4F8E-BBD8-4771B76C9215}.Release|x86.Build.0 = Release|Win32
		{AA616ED2-6783-40AE-9197-B257E8B17690}.Debug|Any CPU.ActiveCfg = Debug|Win32
		{AA616ED2-6783-40AE-9197-B257E8B17690}.Debug|x64.ActiveCfg = Debug|x64
		{AA616ED2-6783-40AE-9197-B257E8B17690}.Debug|x64.Build.0 = Debug|x64
		{AA616ED2-6783-40AE-9197-B257E8B17690}.Debug|x86.ActiveCfg = Debug|Win32
		{AA616ED2-6783-40AE-9197-B257E8B17690}.Debug|x86.Build.0 = Debug|Win32
		{AA616ED2-6783-40AE-9197-B257E8B17690}.Release|Any CPU.ActiveCfg = Release|Win32
		{AA616ED2-6783-40AE-9197-B257E8B17690}.Release|x64.ActiveCfg = Release|x64
		{AA616ED2-6783-40AE-9197-B257E8B17690}.Release|x64.Build.0 = Release|x64
		{AA616ED2-6783-40AE-9197-B257E8B17690}.Release|x86.ActiveCfg = Release|Win32
		{AA616ED2-6783-40AE-9197-B257E8B17690}.Release|x86.Build.0 = Release|Win32
	EndGlobalSection
	GlobalSection(SolutionProperties) = preSolution
		HideSolutionNode = FALSE
	EndGlobalSection
	GlobalSection(NestedProjects) = preSolution
		{87CCE0AC-A7FB-4A31-89D3-C0ACDB315EE0} = {5785A7B6-A9A7-4623-B5A2-62F660695A71}
		{79DB420C-0C71-4948-A93C-821761A8105B} = {5785A7B6-A9A7-4623-B5A2-62F660695A71}
		{29EE27EF-A3A3-4B8F-8DA2-532A5C04BD9E} = {5785A7B6-A9A7-4623-B5A2-62F660695A71}
		{2896A610-9654-43BE-8493-B74D1BC44FD9} = {5785A7B6-A9A7-4623-B5A2-62F660695A71}
		{D823682D-A4F6-4F4E-A2BB-D1E28BCC06F5} = {553A551E-8390-4C09-9ABA-54DB9A773BFB}
		{42E2CC9E-D708-4C4B-A91B-00B23F893C4C} = {553A551E-8390-4C09-9ABA-54DB9A773BFB}
		{76053BA2-AB6B-4F27-90E1-EE5BFE2EFA70} = {553A551E-8390-4C09-9ABA-54DB9A773BFB}
		{0C1F7A43-65DE-4460-A9EB-F44F40AF0968} = {553A551E-8390-4C09-9ABA-54DB9A773BFB}
		{A3653AD0-2406-48A4-95CD-7D4264257F9F} = {1B9D61ED-0B97-469C-A12D-079526888BF8}
		{BC76E43C-2E55-4BFD-95DF-DA09884F6DC4} = {553A551E-8390-4C09-9ABA-54DB9A773BFB}
		{40F9058D-8059-4ED4-859E-7A548A73CA4F} = {1B9D61ED-0B97-469C-A12D-079526888BF8}
		{1D26CBD7-B670-4F8E-BBD8-4771B76C9215} = {1B9D61ED-0B97-469C-A12D-079526888BF8}
		{AA616ED2-6783-40AE-9197-B257E8B17690} = {1B9D61ED-0B97-469C-A12D-079526888BF8}
	EndGlobalSection
	GlobalSection(ExtensibilityGlobals) = postSolution
		SolutionGuid = {46CC2CF3-2979-46F8-B3C9-D85349586600}
	EndGlobalSection
EndGlobal
