<?xml version="1.0" encoding="utf-8"?>
<Project ToolsVersion="4.0" xmlns="http://schemas.microsoft.com/developer/msbuild/2003">
  <ItemGroup>
    <Filter Include="src">
      <UniqueIdentifier>{c198c81a-ec72-4e48-ae93-01f651c63204}</UniqueIdentifier>
    </Filter>
    <Filter Include="inc">
      <UniqueIdentifier>{21c2f41d-5a0b-4cab-ae57-89cb8a45ec9d}</UniqueIdentifier>
    </Filter>
  </ItemGroup>
  <ItemGroup>
    <ClCompile Include="main.cpp">
      <Filter>src</Filter>
    </ClCompile>
    <ClCompile Include="DynamicLinkLibraryFixup.cpp">
      <Filter>src</Filter>
    </ClCompile>
    <ClCompile Include="FileSystemFixup.cpp">
      <Filter>src</Filter>
    </ClCompile>
    <ClCompile Include="CreateProcessFixup.cpp">
      <Filter>src</Filter>
    </ClCompile>
    <ClCompile Include="RegistryFixup.cpp">
      <Filter>src</Filter>
    </ClCompile>
    <ClCompile Include="WinternlFixup.cpp">
      <Filter>src</Filter>
    </ClCompile>
  </ItemGroup>
  <ItemGroup>
    <ClInclude Include="Logging.h">
      <Filter>inc</Filter>
    </ClInclude>
    <ClInclude Include="PreserveError.h">
      <Filter>inc</Filter>
    </ClInclude>
    <ClInclude Include="Config.h">
      <Filter>inc</Filter>
    </ClInclude>
    <ClInclude Include="WinternlLogging.h">
      <Filter>inc</Filter>
    </ClInclude>
    <ClInclude Include="FunctionImplementations.h">
      <Filter>inc</Filter>
    </ClInclude>
  </ItemGroup>
</Project>