
Microsoft Visual Studio Solution File, Format Version 12.00
# Visual Studio Version 16
VisualStudioVersion = 16.0.29503.13
MinimumVisualStudioVersion = 10.0.40219.1
Project("{8BC9CEB8-8B4A-11D0-8D11-00A0C91BC942}") = "WorkingDirectoryTest", "scenarios\WorkingDirectoryTest\WorkingDirectoryTest.vcxproj", "{F83FDC78-CFB9-4C4E-9174-031AF5545E09}"
EndProject
Project("{8BC9CEB8-8B4A-11D0-8D11-00A0C91BC942}") = "ArchitectureTest", "scenarios\ArchitectureTest\ArchitectureTest.vcxproj", "{C40E3A0A-0DE7-4E45-B38B-D443290FE2E4}"
EndProject
Project("{8BC9CEB8-8B4A-11D0-8D11-00A0C91BC942}") = "CompositionTest", "scenarios\CompositionTest\CompositionTest.vcxproj", "{EF7211FF-A6FD-465C-A81A-4837001C624B}"
EndProject
Project("{8BC9CEB8-8B4A-11D0-8D11-00A0C91BC942}") = "FileSystemTest", "scenarios\FileSystemTest\FileSystemTest.vcxproj", "{A1C139A4-A5B8-47F8-BA1D-B8923FCB3A11}"
EndProject
Project("{8BC9CEB8-8B4A-11D0-8D11-00A0C91BC942}") = "LongPathsTest", "scenarios\LongPathsTest\LongPathsTest.vcxproj", "{EBBC1F47-97F3-4C1E-AE64-3D114BC342E8}"
EndProject
Project("{2150E333-8FDC-42A3-9474-1A3956D46DE8}") = "scenarios", "scenarios", "{51D2A935-9355-4DFD-882C-2FE3F39CB4CC}"
EndProject
Project("{8BC9CEB8-8B4A-11D0-8D11-00A0C91BC942}") = "TestRunner", "TestRunner\TestRunner.vcxproj", "{FDC446B7-120B-457E-8F74-9337151CBE50}"
EndProject
Project("{8BC9CEB8-8B4A-11D0-8D11-00A0C91BC942}") = "PowershellScriptTest", "scenarios\PowershellScriptTest\PowershellScriptTest.vcxproj", "{852E608E-F40B-4F51-B687-09B7F9DACB19}"
EndProject
Project("{8BC9CEB8-8B4A-11D0-8D11-00A0C91BC942}") = "DynamicLibraryTest", "scenarios\DynamicLibraryTest\DynamicLibraryTest.vcxproj", "{90EB768A-C3BE-498E-B8A2-4AF9E797DC47}"
EndProject
Project("{8BC9CEB8-8B4A-11D0-8D11-00A0C91BC942}") = "RegLegacyTest", "scenarios\RegLegacyTest\RegLegacyTest.vcxproj", "{90719DF5-F8FC-49DF-B7C7-75EB247D9E8D}"
EndProject
Project("{8BC9CEB8-8B4A-11D0-8D11-00A0C91BC942}") = "EnvVarsATest", "scenarios\EnvVarsATest\EnvVarsATest.vcxproj", "{434BCA70-2E41-4BE4-A030-92A5D351800E}"
EndProject
Project("{8BC9CEB8-8B4A-11D0-8D11-00A0C91BC942}") = "EnvVarsWTest", "scenarios\EnvVarsWTest\EnvVarsWTest.vcxproj", "{9585E26E-F1D0-4199-B07F-A46257327CA9}"
EndProject
Project("{8BC9CEB8-8B4A-11D0-8D11-00A0C91BC942}") = "ArgRedirectionTest", "scenarios\ArgRedirectionTest\ArgRedirectionTest.vcxproj", "{5AA28A28-6BE4-46E8-89C4-794137BBFEDA}"
EndProject
Project("{8BC9CEB8-8B4A-11D0-8D11-00A0C91BC942}") = "PreventBreakAwayTest", "scenarios\PreventBreakAwayTest\PreventBreakAwayTest.vcxproj", "{F9AD438E-D545-48CF-B293-1D688C821040}"
EndProject
Global
	GlobalSection(SolutionConfigurationPlatforms) = preSolution
		Debug|x64 = Debug|x64
		Debug|x86 = Debug|x86
		Release|x64 = Release|x64
		Release|x86 = Release|x86
	EndGlobalSection
	GlobalSection(ProjectConfigurationPlatforms) = postSolution
		{F83FDC78-CFB9-4C4E-9174-031AF5545E09}.Debug|x64.ActiveCfg = Debug|x64
		{F83FDC78-CFB9-4C4E-9174-031AF5545E09}.Debug|x64.Build.0 = Debug|x64
		{F83FDC78-CFB9-4C4E-9174-031AF5545E09}.Debug|x86.ActiveCfg = Debug|Win32
		{F83FDC78-CFB9-4C4E-9174-031AF5545E09}.Debug|x86.Build.0 = Debug|Win32
		{F83FDC78-CFB9-4C4E-9174-031AF5545E09}.Release|x64.ActiveCfg = Release|x64
		{F83FDC78-CFB9-4C4E-9174-031AF5545E09}.Release|x64.Build.0 = Release|x64
		{F83FDC78-CFB9-4C4E-9174-031AF5545E09}.Release|x86.ActiveCfg = Release|Win32
		{F83FDC78-CFB9-4C4E-9174-031AF5545E09}.Release|x86.Build.0 = Release|Win32
		{C40E3A0A-0DE7-4E45-B38B-D443290FE2E4}.Debug|x64.ActiveCfg = Debug|x64
		{C40E3A0A-0DE7-4E45-B38B-D443290FE2E4}.Debug|x64.Build.0 = Debug|x64
		{C40E3A0A-0DE7-4E45-B38B-D443290FE2E4}.Debug|x86.ActiveCfg = Debug|Win32
		{C40E3A0A-0DE7-4E45-B38B-D443290FE2E4}.Debug|x86.Build.0 = Debug|Win32
		{C40E3A0A-0DE7-4E45-B38B-D443290FE2E4}.Release|x64.ActiveCfg = Release|x64
		{C40E3A0A-0DE7-4E45-B38B-D443290FE2E4}.Release|x64.Build.0 = Release|x64
		{C40E3A0A-0DE7-4E45-B38B-D443290FE2E4}.Release|x86.ActiveCfg = Release|Win32
		{C40E3A0A-0DE7-4E45-B38B-D443290FE2E4}.Release|x86.Build.0 = Release|Win32
		{EF7211FF-A6FD-465C-A81A-4837001C624B}.Debug|x64.ActiveCfg = Debug|x64
		{EF7211FF-A6FD-465C-A81A-4837001C624B}.Debug|x64.Build.0 = Debug|x64
		{EF7211FF-A6FD-465C-A81A-4837001C624B}.Debug|x86.ActiveCfg = Debug|Win32
		{EF7211FF-A6FD-465C-A81A-4837001C624B}.Debug|x86.Build.0 = Debug|Win32
		{EF7211FF-A6FD-465C-A81A-4837001C624B}.Release|x64.ActiveCfg = Release|x64
		{EF7211FF-A6FD-465C-A81A-4837001C624B}.Release|x64.Build.0 = Release|x64
		{EF7211FF-A6FD-465C-A81A-4837001C624B}.Release|x86.ActiveCfg = Release|Win32
		{EF7211FF-A6FD-465C-A81A-4837001C624B}.Release|x86.Build.0 = Release|Win32
		{A1C139A4-A5B8-47F8-BA1D-B8923FCB3A11}.Debug|x64.ActiveCfg = Debug|x64
		{A1C139A4-A5B8-47F8-BA1D-B8923FCB3A11}.Debug|x64.Build.0 = Debug|x64
		{A1C139A4-A5B8-47F8-BA1D-B8923FCB3A11}.Debug|x86.ActiveCfg = Debug|Win32
		{A1C139A4-A5B8-47F8-BA1D-B8923FCB3A11}.Debug|x86.Build.0 = Debug|Win32
		{A1C139A4-A5B8-47F8-BA1D-B8923FCB3A11}.Release|x64.ActiveCfg = Release|x64
		{A1C139A4-A5B8-47F8-BA1D-B8923FCB3A11}.Release|x64.Build.0 = Release|x64
		{A1C139A4-A5B8-47F8-BA1D-B8923FCB3A11}.Release|x86.ActiveCfg = Release|Win32
		{A1C139A4-A5B8-47F8-BA1D-B8923FCB3A11}.Release|x86.Build.0 = Release|Win32
		{EBBC1F47-97F3-4C1E-AE64-3D114BC342E8}.Debug|x64.ActiveCfg = Debug|x64
		{EBBC1F47-97F3-4C1E-AE64-3D114BC342E8}.Debug|x64.Build.0 = Debug|x64
		{EBBC1F47-97F3-4C1E-AE64-3D114BC342E8}.Debug|x86.ActiveCfg = Debug|Win32
		{EBBC1F47-97F3-4C1E-AE64-3D114BC342E8}.Debug|x86.Build.0 = Debug|Win32
		{EBBC1F47-97F3-4C1E-AE64-3D114BC342E8}.Release|x64.ActiveCfg = Release|x64
		{EBBC1F47-97F3-4C1E-AE64-3D114BC342E8}.Release|x64.Build.0 = Release|x64
		{EBBC1F47-97F3-4C1E-AE64-3D114BC342E8}.Release|x86.ActiveCfg = Release|Win32
		{EBBC1F47-97F3-4C1E-AE64-3D114BC342E8}.Release|x86.Build.0 = Release|Win32
		{FDC446B7-120B-457E-8F74-9337151CBE50}.Debug|x64.ActiveCfg = Debug|x64
		{FDC446B7-120B-457E-8F74-9337151CBE50}.Debug|x64.Build.0 = Debug|x64
		{FDC446B7-120B-457E-8F74-9337151CBE50}.Debug|x86.ActiveCfg = Debug|Win32
		{FDC446B7-120B-457E-8F74-9337151CBE50}.Debug|x86.Build.0 = Debug|Win32
		{FDC446B7-120B-457E-8F74-9337151CBE50}.Release|x64.ActiveCfg = Release|x64
		{FDC446B7-120B-457E-8F74-9337151CBE50}.Release|x64.Build.0 = Release|x64
		{FDC446B7-120B-457E-8F74-9337151CBE50}.Release|x86.ActiveCfg = Release|Win32
		{FDC446B7-120B-457E-8F74-9337151CBE50}.Release|x86.Build.0 = Release|Win32
		{852E608E-F40B-4F51-B687-09B7F9DACB19}.Debug|x64.ActiveCfg = Debug|x64
		{852E608E-F40B-4F51-B687-09B7F9DACB19}.Debug|x64.Build.0 = Debug|x64
		{852E608E-F40B-4F51-B687-09B7F9DACB19}.Debug|x86.ActiveCfg = Debug|Win32
		{852E608E-F40B-4F51-B687-09B7F9DACB19}.Debug|x86.Build.0 = Debug|Win32
		{852E608E-F40B-4F51-B687-09B7F9DACB19}.Release|x64.ActiveCfg = Release|x64
		{852E608E-F40B-4F51-B687-09B7F9DACB19}.Release|x64.Build.0 = Release|x64
		{852E608E-F40B-4F51-B687-09B7F9DACB19}.Release|x86.ActiveCfg = Release|Win32
		{852E608E-F40B-4F51-B687-09B7F9DACB19}.Release|x86.Build.0 = Release|Win32
		{90EB768A-C3BE-498E-B8A2-4AF9E797DC47}.Debug|x64.ActiveCfg = Debug|x64
		{90EB768A-C3BE-498E-B8A2-4AF9E797DC47}.Debug|x64.Build.0 = Debug|x64
		{90EB768A-C3BE-498E-B8A2-4AF9E797DC47}.Debug|x86.ActiveCfg = Debug|Win32
		{90EB768A-C3BE-498E-B8A2-4AF9E797DC47}.Debug|x86.Build.0 = Debug|Win32
		{90EB768A-C3BE-498E-B8A2-4AF9E797DC47}.Release|x64.ActiveCfg = Release|x64
		{90EB768A-C3BE-498E-B8A2-4AF9E797DC47}.Release|x64.Build.0 = Release|x64
		{90EB768A-C3BE-498E-B8A2-4AF9E797DC47}.Release|x86.ActiveCfg = Release|Win32
		{90EB768A-C3BE-498E-B8A2-4AF9E797DC47}.Release|x86.Build.0 = Release|Win32
		{90719DF5-F8FC-49DF-B7C7-75EB247D9E8D}.Debug|x64.ActiveCfg = Debug|x64
		{90719DF5-F8FC-49DF-B7C7-75EB247D9E8D}.Debug|x64.Build.0 = Debug|x64
		{90719DF5-F8FC-49DF-B7C7-75EB247D9E8D}.Debug|x86.ActiveCfg = Debug|Win32
		{90719DF5-F8FC-49DF-B7C7-75EB247D9E8D}.Debug|x86.Build.0 = Debug|Win32
		{90719DF5-F8FC-49DF-B7C7-75EB247D9E8D}.Release|x64.ActiveCfg = Release|x64
		{90719DF5-F8FC-49DF-B7C7-75EB247D9E8D}.Release|x64.Build.0 = Release|x64
		{90719DF5-F8FC-49DF-B7C7-75EB247D9E8D}.Release|x86.ActiveCfg = Release|Win32
		{90719DF5-F8FC-49DF-B7C7-75EB247D9E8D}.Release|x86.Build.0 = Release|Win32
		{434BCA70-2E41-4BE4-A030-92A5D351800E}.Debug|x64.ActiveCfg = Debug|x64
		{434BCA70-2E41-4BE4-A030-92A5D351800E}.Debug|x64.Build.0 = Debug|x64
		{434BCA70-2E41-4BE4-A030-92A5D351800E}.Debug|x86.ActiveCfg = Debug|Win32
		{434BCA70-2E41-4BE4-A030-92A5D351800E}.Debug|x86.Build.0 = Debug|Win32
		{434BCA70-2E41-4BE4-A030-92A5D351800E}.Release|x64.ActiveCfg = Release|x64
		{434BCA70-2E41-4BE4-A030-92A5D351800E}.Release|x64.Build.0 = Release|x64
		{434BCA70-2E41-4BE4-A030-92A5D351800E}.Release|x86.ActiveCfg = Release|Win32
		{434BCA70-2E41-4BE4-A030-92A5D351800E}.Release|x86.Build.0 = Release|Win32
		{9585E26E-F1D0-4199-B07F-A46257327CA9}.Debug|x64.ActiveCfg = Debug|x64
		{9585E26E-F1D0-4199-B07F-A46257327CA9}.Debug|x64.Build.0 = Debug|x64
		{9585E26E-F1D0-4199-B07F-A46257327CA9}.Debug|x86.ActiveCfg = Debug|Win32
		{9585E26E-F1D0-4199-B07F-A46257327CA9}.Debug|x86.Build.0 = Debug|Win32
		{9585E26E-F1D0-4199-B07F-A46257327CA9}.Release|x64.ActiveCfg = Release|x64
		{9585E26E-F1D0-4199-B07F-A46257327CA9}.Release|x64.Build.0 = Release|x64
		{9585E26E-F1D0-4199-B07F-A46257327CA9}.Release|x86.ActiveCfg = Release|Win32
		{9585E26E-F1D0-4199-B07F-A46257327CA9}.Release|x86.Build.0 = Release|Win32
		{5AA28A28-6BE4-46E8-89C4-794137BBFEDA}.Debug|x64.ActiveCfg = Debug|x64
		{5AA28A28-6BE4-46E8-89C4-794137BBFEDA}.Debug|x64.Build.0 = Debug|x64
		{5AA28A28-6BE4-46E8-89C4-794137BBFEDA}.Debug|x86.ActiveCfg = Debug|Win32
		{5AA28A28-6BE4-46E8-89C4-794137BBFEDA}.Debug|x86.Build.0 = Debug|Win32
		{5AA28A28-6BE4-46E8-89C4-794137BBFEDA}.Release|x64.ActiveCfg = Release|x64
		{5AA28A28-6BE4-46E8-89C4-794137BBFEDA}.Release|x64.Build.0 = Release|x64
		{5AA28A28-6BE4-46E8-89C4-794137BBFEDA}.Release|x86.ActiveCfg = Release|Win32
		{5AA28A28-6BE4-46E8-89C4-794137BBFEDA}.Release|x86.Build.0 = Release|Win32
		{F9AD438E-D545-48CF-B293-1D688C821040}.Debug|x64.ActiveCfg = Debug|x64
		{F9AD438E-D545-48CF-B293-1D688C821040}.Debug|x64.Build.0 = Debug|x64
		{F9AD438E-D545-48CF-B293-1D688C821040}.Debug|x86.ActiveCfg = Debug|Win32
		{F9AD438E-D545-48CF-B293-1D688C821040}.Debug|x86.Build.0 = Debug|Win32
		{F9AD438E-D545-48CF-B293-1D688C821040}.Release|x64.ActiveCfg = Release|x64
		{F9AD438E-D545-48CF-B293-1D688C821040}.Release|x64.Build.0 = Release|x64
		{F9AD438E-D545-48CF-B293-1D688C821040}.Release|x86.ActiveCfg = Release|Win32
		{F9AD438E-D545-48CF-B293-1D688C821040}.Release|x86.Build.0 = Release|Win32
	EndGlobalSection
	GlobalSection(SolutionProperties) = preSolution
		HideSolutionNode = FALSE
	EndGlobalSection
	GlobalSection(NestedProjects) = preSolution
		{F83FDC78-CFB9-4C4E-9174-031AF5545E09} = {51D2A935-9355-4DFD-882C-2FE3F39CB4CC}
		{C40E3A0A-0DE7-4E45-B38B-D443290FE2E4} = {51D2A935-9355-4DFD-882C-2FE3F39CB4CC}
		{EF7211FF-A6FD-465C-A81A-4837001C624B} = {51D2A935-9355-4DFD-882C-2FE3F39CB4CC}
		{A1C139A4-A5B8-47F8-BA1D-B8923FCB3A11} = {51D2A935-9355-4DFD-882C-2FE3F39CB4CC}
		{EBBC1F47-97F3-4C1E-AE64-3D114BC342E8} = {51D2A935-9355-4DFD-882C-2FE3F39CB4CC}
		{852E608E-F40B-4F51-B687-09B7F9DACB19} = {51D2A935-9355-4DFD-882C-2FE3F39CB4CC}
		{90EB768A-C3BE-498E-B8A2-4AF9E797DC47} = {51D2A935-9355-4DFD-882C-2FE3F39CB4CC}
		{90719DF5-F8FC-49DF-B7C7-75EB247D9E8D} = {51D2A935-9355-4DFD-882C-2FE3F39CB4CC}
		{434BCA70-2E41-4BE4-A030-92A5D351800E} = {51D2A935-9355-4DFD-882C-2FE3F39CB4CC}
		{9585E26E-F1D0-4199-B07F-A46257327CA9} = {51D2A935-9355-4DFD-882C-2FE3F39CB4CC}
		{5AA28A28-6BE4-46E8-89C4-794137BBFEDA} = {51D2A935-9355-4DFD-882C-2FE3F39CB4CC}
		{F9AD438E-D545-48CF-B293-1D688C821040} = {51D2A935-9355-4DFD-882C-2FE3F39CB4CC}
	EndGlobalSection
	GlobalSection(ExtensibilityGlobals) = postSolution
		SolutionGuid = {3873DE95-AB16-4C4B-848A-1BCE9BD8444F}
	EndGlobalSection
EndGlobal
