<?xml version="1.0" encoding="utf-8"?>
<Project ToolsVersion="4.0" xmlns="http://schemas.microsoft.com/developer/msbuild/2003">
  <ItemGroup>
    <Filter Include="src">
      <UniqueIdentifier>{1aebcbf3-a3f4-4e94-b060-12da0e31b9d1}</UniqueIdentifier>
    </Filter>
    <Filter Include="inc">
      <UniqueIdentifier>{77e9f243-3cc8-4b32-bbec-ebbad733560b}</UniqueIdentifier>
    </Filter>
  </ItemGroup>
  <ItemGroup>
    <ClCompile Include="main.cpp">
      <Filter>src</Filter>
    </ClCompile>
  </ItemGroup>
  <ItemGroup>
    <Xml Include="PSFLauncherMetadata.xml">
      <Filter>src</Filter>
    </Xml>
  </ItemGroup>
  <ItemGroup>
    <ClInclude Include="PsfPowershellScriptRunner.h">
      <Filter>inc</Filter>
    </ClInclude>
    <ClInclude Include="StartProcessHelper.h">
      <Filter>inc</Filter>
    </ClInclude>
    <ClInclude Include="Logger.h">
      <Filter>inc</Filter>
    </ClInclude>
  </ItemGroup>
  <ItemGroup>
    <None Include="StartingScriptWrapper.ps1" />
  </ItemGroup>
</Project>