<?xml version="1.0" encoding="utf-8"?>
<Project ToolsVersion="4.0" xmlns="http://schemas.microsoft.com/developer/msbuild/2003">
  <ItemGroup>
    <Filter Include="src">
      <UniqueIdentifier>{71eddf9a-7ec1-4606-bf82-472e1cc0dd96}</UniqueIdentifier>
    </Filter>
    <Filter Include="pkg">
      <UniqueIdentifier>{6312c9b7-cc41-46f3-be3a-d431ab76e885}</UniqueIdentifier>
    </Filter>
  </ItemGroup>
  <ItemGroup>
    <ClCompile Include="main.cpp">
      <Filter>src</Filter>
    </ClCompile>
  </ItemGroup>
  <ItemGroup>
    <Xml Include="AppxManifest.xml">
      <Filter>pkg</Filter>
    </Xml>
  </ItemGroup>
  <ItemGroup>
    <None Include="config.json">
      <Filter>pkg</Filter>
    </None>
    <None Include="readme.md" />
  </ItemGroup>
  <ItemGroup>
    <Text Include="FileMapping.txt">
      <Filter>pkg</Filter>
    </Text>
  </ItemGroup>
</Project>