<?xml version="1.0" encoding="utf-8"?>
<Project ToolsVersion="4.0" xmlns="http://schemas.microsoft.com/developer/msbuild/2003">
  <ItemGroup>
    <Filter Include="src">
      <UniqueIdentifier>{4FC737F1-C7A5-4376-A066-2A32D752A2FF}</UniqueIdentifier>
      <Extensions>cpp;c;cc;cxx;def;odl;idl;hpj;bat;asm;asmx</Extensions>
    </Filter>
    <Filter Include="pkg">
      <UniqueIdentifier>{659e7ff5-4329-4e68-a414-d03e3a868c67}</UniqueIdentifier>
    </Filter>
  </ItemGroup>
  <ItemGroup>
    <ClCompile Include="main.cpp">
      <Filter>src</Filter>
    </ClCompile>
  </ItemGroup>
  <ItemGroup>
    <Xml Include="AppxManifest.xml">
      <Filter>pkg</Filter>
    </Xml>
  </ItemGroup>
  <ItemGroup>
    <None Include="config.json">
      <Filter>pkg</Filter>
    </None>
  </ItemGroup>
  <ItemGroup>
    <Text Include="FileMapping.txt">
      <Filter>pkg</Filter>
    </Text>
  </ItemGroup>
</Project>