<?xml version="1.0" encoding="utf-8"?>
<Project ToolsVersion="4.0" xmlns="http://schemas.microsoft.com/developer/msbuild/2003">
  <ItemGroup>
    <Filter Include="Source Files">
      <UniqueIdentifier>{4FC737F1-C7A5-4376-A066-2A32D752A2FF}</UniqueIdentifier>
      <Extensions>cpp;c;cc;cxx;def;odl;idl;hpj;bat;asm;asmx</Extensions>
    </Filter>
    <Filter Include="pkg">
      <UniqueIdentifier>{96668957-61b7-49f8-8b25-1efa4b0a0433}</UniqueIdentifier>
    </Filter>
  </ItemGroup>
  <ItemGroup>
    <None Include="readme.md" />
    <None Include="config.json">
      <Filter>pkg</Filter>
    </None>
    <None Include="SayHello.ps1">
      <Filter>pkg</Filter>
    </None>
    <None Include="SayHi.ps1">
      <Filter>pkg</Filter>
    </None>
    <None Include="SayWithArgument.ps1">
      <Filter>pkg</Filter>
    </None>
    <None Include="StartingScriptWrapper.ps1">
      <Filter>pkg</Filter>
    </None>
    <None Include="HelloWorld.cmd">
      <Filter>pkg</Filter>
    </None>
  </ItemGroup>
  <ItemGroup>
    <ClCompile Include="main.cpp">
      <Filter>Source Files</Filter>
    </ClCompile>
  </ItemGroup>
  <ItemGroup>
    <Xml Include="AppxManifest.xml">
      <Filter>pkg</Filter>
    </Xml>
    <Xml Include="config.xml">
      <Filter>pkg</Filter>
    </Xml>
  </ItemGroup>
  <ItemGroup>
    <Text Include="FileMapping.txt">
      <Filter>pkg</Filter>
    </Text>
  </ItemGroup>
  <ItemGroup>
    <None Include="config.json">
      <Filter>pkg</Filter>
    </None>
  </ItemGroup>
</Project>