<?xml version="1.0" encoding="utf-8"?>
<Project ToolsVersion="4.0" xmlns="http://schemas.microsoft.com/developer/msbuild/2003">
  <ItemGroup>
    <Filter Include="src">
      <UniqueIdentifier>{988638eb-f4d0-48ed-9476-74359472553e}</UniqueIdentifier>
    </Filter>
    <Filter Include="inc">
      <UniqueIdentifier>{07e7bc5e-d602-419e-9b0a-9a672e3f322d}</UniqueIdentifier>
    </Filter>
  </ItemGroup>
  <ItemGroup>
    <ClCompile Include="main.cpp">
      <Filter>src</Filter>
    </ClCompile>
    <ClCompile Include="CreateProcessHook.cpp">
      <Filter>src</Filter>
    </ClCompile>
    <ClCompile Include="Config.cpp">
      <Filter>src</Filter>
    </ClCompile>
  </ItemGroup>
  <ItemGroup>
    <None Include="PsfRuntime.def" />
  </ItemGroup>
  <ItemGroup>
    <ClInclude Include="Config.h">
      <Filter>inc</Filter>
    </ClInclude>
    <ClInclude Include="JsonConfig.h">
      <Filter>inc</Filter>
    </ClInclude>
    <ClInclude Include="ArgRedirection.h">
      <Filter>inc</Filter>
    </ClInclude>
  </ItemGroup>
</Project>

