<?xml version="1.0" encoding="utf-8"?>
<Project ToolsVersion="4.0" xmlns="http://schemas.microsoft.com/developer/msbuild/2003">
  <ItemGroup>
    <Filter Include="src">
      <UniqueIdentifier>{8ade1eef-8001-4399-b192-7d81af8dd0ea}</UniqueIdentifier>
    </Filter>
    <Filter Include="inc">
      <UniqueIdentifier>{6fb30f49-c397-45cb-acb1-34b2225e5cb7}</UniqueIdentifier>
    </Filter>
    <Filter Include="CommonSrc">
      <UniqueIdentifier>{d73905ad-dec2-42a0-99c5-7520cd3b7f9c}</UniqueIdentifier>
    </Filter>
  </ItemGroup>
  <ItemGroup>
    <ClInclude Include="FunctionImplementations.h">
      <Filter>inc</Filter>
    </ClInclude>
    <ClInclude Include="PathRedirection.h">
      <Filter>inc</Filter>
    </ClInclude>
  </ItemGroup>
  <ItemGroup>
    <None Include="readme.md" />
  </ItemGroup>
  <ItemGroup>
    <ClCompile Include="CreateSymbolicLinkFixup.cpp">
      <Filter>src</Filter>
    </ClCompile>
    <ClCompile Include="DeleteFileFixup.cpp">
      <Filter>src</Filter>
    </ClCompile>
    <ClCompile Include="FileAttributesFixup.cpp">
      <Filter>src</Filter>
    </ClCompile>
    <ClCompile Include="FindFirstFileFixup.cpp">
      <Filter>src</Filter>
    </ClCompile>
    <ClCompile Include="main.cpp">
      <Filter>src</Filter>
    </ClCompile>
    <ClCompile Include="PathRedirection.cpp">
      <Filter>src</Filter>
    </ClCompile>
    <ClCompile Include="RemoveDirectoryFixup.cpp">
      <Filter>src</Filter>
    </ClCompile>
    <ClCompile Include="ReplaceFileFixup.cpp">
      <Filter>src</Filter>
    </ClCompile>
    <ClCompile Include="CopyFileFixup.cpp">
      <Filter>src</Filter>
    </ClCompile>
    <ClCompile Include="CreateDirectoryFixup.cpp">
      <Filter>src</Filter>
    </ClCompile>
    <ClCompile Include="CreateFileFixup.cpp">
      <Filter>src</Filter>
    </ClCompile>
    <ClCompile Include="CreateHardLinkFixup.cpp">
      <Filter>src</Filter>
    </ClCompile>
    <ClCompile Include="MoveFileFixup.cpp">
      <Filter>src</Filter>
    </ClCompile>
    <ClCompile Include="GetPrivateProfileSectionFixup.cpp" />
    <ClCompile Include="GetPrivateProfileStringFixup.cpp" />
    <ClCompile Include="WritePrivateProfileStringFixup.cpp" />
    <ClCompile Include="GetPrivateProfileIntFixup.cpp" />
    <ClCompile Include="GetPrivateProfileSectionNamesFixup.cpp" />
    <ClCompile Include="WritePrivateProfileSectionFixup.cpp" />
    <ClCompile Include="WritePrivateProfileStructFixup.cpp" />
    <ClCompile Include="SetWorkingDirectory.cpp" />
    <ClCompile Include="FindFirstFileFixupV2.cpp">
      <Filter>src</Filter>
    </ClCompile>
    <ClCompile Include="PathTests.cpp">
      <Filter>src</Filter>
    </ClCompile>
    <ClCompile Include="PathRedirectionV2.cpp">
      <Filter>src</Filter>
    </ClCompile>
    <ClCompile Include="..\..\CommonSrc\psf_logging.cpp">
      <Filter>CommonSrc</Filter>
    </ClCompile>
    <ClCompile Include="GetPrivateProfileStructFixup.cpp" />
  </ItemGroup>
  <ItemGroup>
    <Xml Include="FileRedirectionFixupMetadata.xml" />
  </ItemGroup>
</Project>